
Microsoft Visual Studio Solution File, Format Version 12.00
# Visual Studio Version 17
VisualStudioVersion = 17.3.32519.111
MinimumVisualStudioVersion = 10.0.40219.1
Project("{9A19103F-16F7-4668-BE54-9A1E7A4F7556}") = "AppActions.Icons.MauiSample", "AppActions.Icons.MauiSample\AppActions.Icons.MauiSample.csproj", "{462DA8EC-A02C-4176-BAFB-946481A08273}"
EndProject
Project("{9A19103F-16F7-4668-BE54-9A1E7A4F7556}") = "AppActions.Icons.Maui", "..\src\AppActions.Icons.Maui\AppActions.Icons.Maui.csproj", "{5EEE3B07-BC84-4EC8-8D91-8B6B524B751D}"
EndProject
Global
	GlobalSection(SolutionConfigurationPlatforms) = preSolution
		Debug|Any CPU = Debug|Any CPU
		Release|Any CPU = Release|Any CPU
	EndGlobalSection
	GlobalSection(ProjectConfigurationPlatforms) = postSolution
		{462DA8EC-A02C-4176-BAFB-946481A08273}.Debug|Any CPU.ActiveCfg = Debug|Any CPU
		{462DA8EC-A02C-4176-BAFB-946481A08273}.Debug|Any CPU.Build.0 = Debug|Any CPU
		{462DA8EC-A02C-4176-BAFB-946481A08273}.Debug|Any CPU.Deploy.0 = Debug|Any CPU
		{462DA8EC-A02C-4176-BAFB-946481A08273}.Release|Any CPU.ActiveCfg = Release|Any CPU
		{462DA8EC-A02C-4176-BAFB-946481A08273}.Release|Any CPU.Build.0 = Release|Any CPU
		{5EEE3B07-BC84-4EC8-8D91-8B6B524B751D}.Debug|Any CPU.ActiveCfg = Debug|Any CPU
		{5EEE3B07-BC84-4EC8-8D91-8B6B524B751D}.Debug|Any CPU.Build.0 = Debug|Any CPU
		{5EEE3B07-BC84-4EC8-8D91-8B6B524B751D}.Release|Any CPU.ActiveCfg = Release|Any CPU
		{5EEE3B07-BC84-4EC8-8D91-8B6B524B751D}.Release|Any CPU.Build.0 = Release|Any CPU
	EndGlobalSection
	GlobalSection(SolutionProperties) = preSolution
		HideSolutionNode = FALSE
	EndGlobalSection
	GlobalSection(ExtensibilityGlobals) = postSolution
		SolutionGuid = {B1ACD24F-CDDB-4242-A533-AA1BF1AA54D9}
	EndGlobalSection
EndGlobal
